
Microsoft Visual Studio Solution File, Format Version 12.00
# Visual Studio Version 16
VisualStudioVersion = 16.0.29306.81
MinimumVisualStudioVersion = 10.0.40219.1
Project("{FAE04EC0-301F-11D3-BF4B-00C04F79EFBC}") = "ReminderApp.Android", "ReminderApp\ReminderApp.Android\ReminderApp.Android.csproj", "{0C18E3E3-7317-4A3F-9252-5ABC0548DCBB}"
EndProject
Project("{FAE04EC0-301F-11D3-BF4B-00C04F79EFBC}") = "ReminderApp.iOS", "ReminderApp\ReminderApp.iOS\ReminderApp.iOS.csproj", "{66224335-BF7B-4E32-97A6-245AE7C2BE5B}"
EndProject
Project("{FAE04EC0-301F-11D3-BF4B-00C04F79EFBC}") = "ReminderApp", "ReminderApp\ReminderApp\ReminderApp.csproj", "{728BE289-CF2F-4585-8DE2-80D149C5DF0F}"
EndProject
Global
	GlobalSection(SolutionConfigurationPlatforms) = preSolution
		Debug|Any CPU = Debug|Any CPU
		Debug|iPhone = Debug|iPhone
		Debug|iPhoneSimulator = Debug|iPhoneSimulator
		Release|Any CPU = Release|Any CPU
		Release|iPhone = Release|iPhone
		Release|iPhoneSimulator = Release|iPhoneSimulator
	EndGlobalSection
	GlobalSection(ProjectConfigurationPlatforms) = postSolution
		{0C18E3E3-7317-4A3F-9252-5ABC0548DCBB}.Debug|Any CPU.ActiveCfg = Debug|Any CPU
		{0C18E3E3-7317-4A3F-9252-5ABC0548DCBB}.Debug|Any CPU.Build.0 = Debug|Any CPU
		{0C18E3E3-7317-4A3F-9252-5ABC0548DCBB}.Debug|Any CPU.Deploy.0 = Debug|Any CPU
		{0C18E3E3-7317-4A3F-9252-5ABC0548DCBB}.Debug|iPhone.ActiveCfg = Debug|Any CPU
		{0C18E3E3-7317-4A3F-9252-5ABC0548DCBB}.Debug|iPhone.Build.0 = Debug|Any CPU
		{0C18E3E3-7317-4A3F-9252-5ABC0548DCBB}.Debug|iPhone.Deploy.0 = Debug|Any CPU
		{0C18E3E3-7317-4A3F-9252-5ABC0548DCBB}.Debug|iPhoneSimulator.ActiveCfg = Debug|Any CPU
		{0C18E3E3-7317-4A3F-9252-5ABC0548DCBB}.Debug|iPhoneSimulator.Build.0 = Debug|Any CPU
		{0C18E3E3-7317-4A3F-9252-5ABC0548DCBB}.Debug|iPhoneSimulator.Deploy.0 = Debug|Any CPU
		{0C18E3E3-7317-4A3F-9252-5ABC0548DCBB}.Release|Any CPU.ActiveCfg = Release|Any CPU
		{0C18E3E3-7317-4A3F-9252-5ABC0548DCBB}.Release|Any CPU.Build.0 = Release|Any CPU
		{0C18E3E3-7317-4A3F-9252-5ABC0548DCBB}.Release|Any CPU.Deploy.0 = Release|Any CPU
		{0C18E3E3-7317-4A3F-9252-5ABC0548DCBB}.Release|iPhone.ActiveCfg = Release|Any CPU
		{0C18E3E3-7317-4A3F-9252-5ABC0548DCBB}.Release|iPhone.Build.0 = Release|Any CPU
		{0C18E3E3-7317-4A3F-9252-5ABC0548DCBB}.Release|iPhone.Deploy.0 = Release|Any CPU
		{0C18E3E3-7317-4A3F-9252-5ABC0548DCBB}.Release|iPhoneSimulator.ActiveCfg = Release|Any CPU
		{0C18E3E3-7317-4A3F-9252-5ABC0548DCBB}.Release|iPhoneSimulator.Build.0 = Release|Any CPU
		{0C18E3E3-7317-4A3F-9252-5ABC0548DCBB}.Release|iPhoneSimulator.Deploy.0 = Release|Any CPU
		{66224335-BF7B-4E32-97A6-245AE7C2BE5B}.Debug|Any CPU.ActiveCfg = Debug|iPhoneSimulator
		{66224335-BF7B-4E32-97A6-245AE7C2BE5B}.Debug|Any CPU.Build.0 = Debug|iPhoneSimulator
		{66224335-BF7B-4E32-97A6-245AE7C2BE5B}.Debug|Any CPU.Deploy.0 = Debug|iPhoneSimulator
		{66224335-BF7B-4E32-97A6-245AE7C2BE5B}.Debug|iPhone.ActiveCfg = Debug|iPhone
		{66224335-BF7B-4E32-97A6-245AE7C2BE5B}.Debug|iPhone.Build.0 = Debug|iPhone
		{66224335-BF7B-4E32-97A6-245AE7C2BE5B}.Debug|iPhone.Deploy.0 = Debug|iPhone
		{66224335-BF7B-4E32-97A6-245AE7C2BE5B}.Debug|iPhoneSimulator.ActiveCfg = Debug|iPhoneSimulator
		{66224335-BF7B-4E32-97A6-245AE7C2BE5B}.Debug|iPhoneSimulator.Build.0 = Debug|iPhoneSimulator
		{66224335-BF7B-4E32-97A6-245AE7C2BE5B}.Debug|iPhoneSimulator.Deploy.0 = Debug|iPhoneSimulator
		{66224335-BF7B-4E32-97A6-245AE7C2BE5B}.Release|Any CPU.ActiveCfg = Release|iPhone
		{66224335-BF7B-4E32-97A6-245AE7C2BE5B}.Release|Any CPU.Build.0 = Release|iPhone
		{66224335-BF7B-4E32-97A6-245AE7C2BE5B}.Release|Any CPU.Deploy.0 = Release|iPhone
		{66224335-BF7B-4E32-97A6-245AE7C2BE5B}.Release|iPhone.ActiveCfg = Release|iPhone
		{66224335-BF7B-4E32-97A6-245AE7C2BE5B}.Release|iPhone.Build.0 = Release|iPhone
		{66224335-BF7B-4E32-97A6-245AE7C2BE5B}.Release|iPhone.Deploy.0 = Release|iPhone
		{66224335-BF7B-4E32-97A6-245AE7C2BE5B}.Release|iPhoneSimulator.ActiveCfg = Release|iPhoneSimulator
		{66224335-BF7B-4E32-97A6-245AE7C2BE5B}.Release|iPhoneSimulator.Build.0 = Release|iPhoneSimulator
		{66224335-BF7B-4E32-97A6-245AE7C2BE5B}.Release|iPhoneSimulator.Deploy.0 = Release|iPhoneSimulator
		{728BE289-CF2F-4585-8DE2-80D149C5DF0F}.Debug|Any CPU.ActiveCfg = Debug|Any CPU
		{728BE289-CF2F-4585-8DE2-80D149C5DF0F}.Debug|Any CPU.Build.0 = Debug|Any CPU
		{728BE289-CF2F-4585-8DE2-80D149C5DF0F}.Debug|Any CPU.Deploy.0 = Debug|Any CPU
		{728BE289-CF2F-4585-8DE2-80D149C5DF0F}.Debug|iPhone.ActiveCfg = Debug|Any CPU
		{728BE289-CF2F-4585-8DE2-80D149C5DF0F}.Debug|iPhone.Build.0 = Debug|Any CPU
		{728BE289-CF2F-4585-8DE2-80D149C5DF0F}.Debug|iPhone.Deploy.0 = Debug|Any CPU
		{728BE289-CF2F-4585-8DE2-80D149C5DF0F}.Debug|iPhoneSimulator.ActiveCfg = Debug|Any CPU
		{728BE289-CF2F-4585-8DE2-80D149C5DF0F}.Debug|iPhoneSimulator.Build.0 = Debug|Any CPU
		{728BE289-CF2F-4585-8DE2-80D149C5DF0F}.Debug|iPhoneSimulator.Deploy.0 = Debug|Any CPU
		{728BE289-CF2F-4585-8DE2-80D149C5DF0F}.Release|Any CPU.ActiveCfg = Release|Any CPU
		{728BE289-CF2F-4585-8DE2-80D149C5DF0F}.Release|Any CPU.Build.0 = Release|Any CPU
		{728BE289-CF2F-4585-8DE2-80D149C5DF0F}.Release|Any CPU.Deploy.0 = Release|Any CPU
		{728BE289-CF2F-4585-8DE2-80D149C5DF0F}.Release|iPhone.ActiveCfg = Release|Any CPU
		{728BE289-CF2F-4585-8DE2-80D149C5DF0F}.Release|iPhone.Build.0 = Release|Any CPU
		{728BE289-CF2F-4585-8DE2-80D149C5DF0F}.Release|iPhone.Deploy.0 = Release|Any CPU
		{728BE289-CF2F-4585-8DE2-80D149C5DF0F}.Release|iPhoneSimulator.ActiveCfg = Release|Any CPU
		{728BE289-CF2F-4585-8DE2-80D149C5DF0F}.Release|iPhoneSimulator.Build.0 = Release|Any CPU
		{728BE289-CF2F-4585-8DE2-80D149C5DF0F}.Release|iPhoneSimulator.Deploy.0 = Release|Any CPU
	EndGlobalSection
	GlobalSection(SolutionProperties) = preSolution
		HideSolutionNode = FALSE
	EndGlobalSection
	GlobalSection(ExtensibilityGlobals) = postSolution
		SolutionGuid = {6A0F8BD7-608E-4F4C-B050-278EE6B4E137}
	EndGlobalSection
EndGlobal
